
Microsoft Visual Studio Solution File, Format Version 12.00
# Visual Studio Version 17
VisualStudioVersion = 17.7.34202.233
MinimumVisualStudioVersion = 10.0.40219.1
Project("{8BC9CEB8-8B4A-11D0-8D11-00A0C91BC942}") = "CsLab1_CPP", "CsLab1_CPP.vcxproj", "{19639661-016C-45AE-A1B4-9A1A8A78A109}"
EndProject
Global
	GlobalSection(SolutionConfigurationPlatforms) = preSolution
		Debug|x64 = Debug|x64
		Debug|x86 = Debug|x86
		Release|x64 = Release|x64
		Release|x86 = Release|x86
	EndGlobalSection
	GlobalSection(ProjectConfigurationPlatforms) = postSolution
		{19639661-016C-45AE-A1B4-9A1A8A78A109}.Debug|x64.ActiveCfg = Debug|x64
		{19639661-016C-45AE-A1B4-9A1A8A78A109}.Debug|x64.Build.0 = Debug|x64
		{19639661-016C-45AE-A1B4-9A1A8A78A109}.Debug|x86.ActiveCfg = Debug|Win32
		{19639661-016C-45AE-A1B4-9A1A8A78A109}.Debug|x86.Build.0 = Debug|Win32
		{19639661-016C-45AE-A1B4-9A1A8A78A109}.Release|x64.ActiveCfg = Release|x64
		{19639661-016C-45AE-A1B4-9A1A8A78A109}.Release|x64.Build.0 = Release|x64
		{19639661-016C-45AE-A1B4-9A1A8A78A109}.Release|x86.ActiveCfg = Release|Win32
		{19639661-016C-45AE-A1B4-9A1A8A78A109}.Release|x86.Build.0 = Release|Win32
	EndGlobalSection
	GlobalSection(SolutionProperties) = preSolution
		HideSolutionNode = FALSE
	EndGlobalSection
	GlobalSection(ExtensibilityGlobals) = postSolution
		SolutionGuid = {BB509419-16CB-4F0A-A3DE-1BE8AF38C88B}
	EndGlobalSection
EndGlobal
